
Microsoft Visual Studio Solution File, Format Version 12.00
# Visual Studio Version 17
VisualStudioVersion = 17.0.32014.148
MinimumVisualStudioVersion = 10.0.40219.1
Project("{2150E333-8FDC-42A3-9474-1A3956D46DE8}") = "Core", "Core", "{96A19171-D4B3-4041-BD21-56A30E99C0C2}"
EndProject
Project("{9A19103F-16F7-4668-BE54-9A1E7A4F7556}") = "ECommerce.Domain", "Core\ECommerce.Domain\ECommerce.Domain.csproj", "{B2DA3F16-3924-4837-86A8-0915D86C55AB}"
EndProject
Project("{9A19103F-16F7-4668-BE54-9A1E7A4F7556}") = "ECommerce.Application", "Core\ECommerce.Application\ECommerce.Application.csproj", "{50A426E6-8695-4ACC-B1F5-90F95C333ACC}"
EndProject
Project("{2150E333-8FDC-42A3-9474-1A3956D46DE8}") = "Infrastructure", "Infrastructure", "{35C2E61E-31A6-4360-843C-64D88D65B73A}"
EndProject
Project("{9A19103F-16F7-4668-BE54-9A1E7A4F7556}") = "ECommerce.Infrastructure", "Infrastructure\ECommerce.Infrastructure\ECommerce.Infrastructure.csproj", "{28AF198F-8340-40C5-9606-EE588763DBEB}"
EndProject
Project("{9A19103F-16F7-4668-BE54-9A1E7A4F7556}") = "ECommerce.Persistence", "Infrastructure\ECommerce.Persistence\ECommerce.Persistence.csproj", "{E36251D6-9109-4885-B417-C67BAF87705D}"
EndProject
Project("{2150E333-8FDC-42A3-9474-1A3956D46DE8}") = "Presentation", "Presentation", "{74CCE005-EE0F-4ED3-B12F-5030A72006E1}"
EndProject
Project("{9A19103F-16F7-4668-BE54-9A1E7A4F7556}") = "ECommerce.API", "Presentation\ECommerce.API\ECommerce.API.csproj", "{3B2C0F67-8965-489C-9136-5E05F8FC5B83}"
EndProject
Global
	GlobalSection(SolutionConfigurationPlatforms) = preSolution
		Debug|Any CPU = Debug|Any CPU
		Release|Any CPU = Release|Any CPU
	EndGlobalSection
	GlobalSection(ProjectConfigurationPlatforms) = postSolution
		{B2DA3F16-3924-4837-86A8-0915D86C55AB}.Debug|Any CPU.ActiveCfg = Debug|Any CPU
		{B2DA3F16-3924-4837-86A8-0915D86C55AB}.Debug|Any CPU.Build.0 = Debug|Any CPU
		{B2DA3F16-3924-4837-86A8-0915D86C55AB}.Release|Any CPU.ActiveCfg = Release|Any CPU
		{B2DA3F16-3924-4837-86A8-0915D86C55AB}.Release|Any CPU.Build.0 = Release|Any CPU
		{50A426E6-8695-4ACC-B1F5-90F95C333ACC}.Debug|Any CPU.ActiveCfg = Debug|Any CPU
		{50A426E6-8695-4ACC-B1F5-90F95C333ACC}.Debug|Any CPU.Build.0 = Debug|Any CPU
		{50A426E6-8695-4ACC-B1F5-90F95C333ACC}.Release|Any CPU.ActiveCfg = Release|Any CPU
		{50A426E6-8695-4ACC-B1F5-90F95C333ACC}.Release|Any CPU.Build.0 = Release|Any CPU
		{28AF198F-8340-40C5-9606-EE588763DBEB}.Debug|Any CPU.ActiveCfg = Debug|Any CPU
		{28AF198F-8340-40C5-9606-EE588763DBEB}.Debug|Any CPU.Build.0 = Debug|Any CPU
		{28AF198F-8340-40C5-9606-EE588763DBEB}.Release|Any CPU.ActiveCfg = Release|Any CPU
		{28AF198F-8340-40C5-9606-EE588763DBEB}.Release|Any CPU.Build.0 = Release|Any CPU
		{E36251D6-9109-4885-B417-C67BAF87705D}.Debug|Any CPU.ActiveCfg = Debug|Any CPU
		{E36251D6-9109-4885-B417-C67BAF87705D}.Debug|Any CPU.Build.0 = Debug|Any CPU
		{E36251D6-9109-4885-B417-C67BAF87705D}.Release|Any CPU.ActiveCfg = Release|Any CPU
		{E36251D6-9109-4885-B417-C67BAF87705D}.Release|Any CPU.Build.0 = Release|Any CPU
		{3B2C0F67-8965-489C-9136-5E05F8FC5B83}.Debug|Any CPU.ActiveCfg = Debug|Any CPU
		{3B2C0F67-8965-489C-9136-5E05F8FC5B83}.Debug|Any CPU.Build.0 = Debug|Any CPU
		{3B2C0F67-8965-489C-9136-5E05F8FC5B83}.Release|Any CPU.ActiveCfg = Release|Any CPU
		{3B2C0F67-8965-489C-9136-5E05F8FC5B83}.Release|Any CPU.Build.0 = Release|Any CPU
	EndGlobalSection
	GlobalSection(SolutionProperties) = preSolution
		HideSolutionNode = FALSE
	EndGlobalSection
	GlobalSection(NestedProjects) = preSolution
		{B2DA3F16-3924-4837-86A8-0915D86C55AB} = {96A19171-D4B3-4041-BD21-56A30E99C0C2}
		{50A426E6-8695-4ACC-B1F5-90F95C333ACC} = {96A19171-D4B3-4041-BD21-56A30E99C0C2}
		{28AF198F-8340-40C5-9606-EE588763DBEB} = {35C2E61E-31A6-4360-843C-64D88D65B73A}
		{E36251D6-9109-4885-B417-C67BAF87705D} = {35C2E61E-31A6-4360-843C-64D88D65B73A}
		{3B2C0F67-8965-489C-9136-5E05F8FC5B83} = {74CCE005-EE0F-4ED3-B12F-5030A72006E1}
	EndGlobalSection
	GlobalSection(ExtensibilityGlobals) = postSolution
		SolutionGuid = {88D9DCFA-E6A8-4148-8143-857CBD34B4D1}
	EndGlobalSection
EndGlobal
